// !$*UTF8*$!
{
	archiveVersion = 1;
	classes = {
	};
	objectVersion = 48;
	objects = {

/* Begin PBXBuildFile section */
		4C0E67BB2119AFA900D2AB24 /* AboutViewController.swift in Sources */ = {isa = PBXBuildFile; fileRef = 4C0E67BA2119AFA900D2AB24 /* AboutViewController.swift */; };
		4C8F6A19211B715B00828AF0 /* Default-568h@2x.png in Resources */ = {isa = PBXBuildFile; fileRef = 4C8F6A18211B715B00828AF0 /* Default-568h@2x.png */; };
		4CA5C2902119DDD400796032 /* BullsEye.html in Resources */ = {isa = PBXBuildFile; fileRef = 4CA5C28F2119DDD400796032 /* BullsEye.html */; };
		4CD1FC8E21185FFC00370392 /* AppDelegate.swift in Sources */ = {isa = PBXBuildFile; fileRef = 4CD1FC8D21185FFC00370392 /* AppDelegate.swift */; };
		4CD1FC9021185FFC00370392 /* ViewController.swift in Sources */ = {isa = PBXBuildFile; fileRef = 4CD1FC8F21185FFC00370392 /* ViewController.swift */; };
		4CD1FC9321185FFC00370392 /* Main.storyboard in Resources */ = {isa = PBXBuildFile; fileRef = 4CD1FC9121185FFC00370392 /* Main.storyboard */; };
		4CD1FC9621185FFC00370392 /* BullsEye.xcdatamodeld in Sources */ = {isa = PBXBuildFile; fileRef = 4CD1FC9421185FFC00370392 /* BullsEye.xcdatamodeld */; };
		4CD1FC9821185FFC00370392 /* Assets.xcassets in Resources */ = {isa = PBXBuildFile; fileRef = 4CD1FC9721185FFC00370392 /* Assets.xcassets */; };
/* End PBXBuildFile section */

/* Begin PBXFileReference section */
		4C0E67BA2119AFA900D2AB24 /* AboutViewController.swift */ = {isa = PBXFileReference; lastKnownFileType = sourcecode.swift; path = AboutViewController.swift; sourceTree = "<group>"; };
		4C8F6A18211B715B00828AF0 /* Default-568h@2x.png */ = {isa = PBXFileReference; lastKnownFileType = image.png; name = "Default-568h@2x.png"; path = "../../../Downloads/Raywenderlich The iOS Apprentice 5th Edition/The iOS Apprentice 1 - Getting Started/Resources/Launch Images/Default-568h@2x.png"; sourceTree = "<group>"; };
		4CA5C28F2119DDD400796032 /* BullsEye.html */ = {isa = PBXFileReference; fileEncoding = 4; lastKnownFileType = text.html; name = BullsEye.html; path = "../../../Downloads/Raywenderlich The iOS Apprentice 5th Edition/The iOS Apprentice 1 - Getting Started/Resources/BullsEye.html"; sourceTree = "<group>"; };
		4CD1FC8A21185FFC00370392 /* BullsEye.app */ = {isa = PBXFileReference; explicitFileType = wrapper.application; includeInIndex = 0; path = BullsEye.app; sourceTree = BUILT_PRODUCTS_DIR; };
		4CD1FC8D21185FFC00370392 /* AppDelegate.swift */ = {isa = PBXFileReference; lastKnownFileType = sourcecode.swift; path = AppDelegate.swift; sourceTree = "<group>"; };
		4CD1FC8F21185FFC00370392 /* ViewController.swift */ = {isa = PBXFileReference; lastKnownFileType = sourcecode.swift; path = ViewController.swift; sourceTree = "<group>"; };
		4CD1FC9221185FFC00370392 /* Base */ = {isa = PBXFileReference; lastKnownFileType = file.storyboard; name = Base; path = Base.lproj/Main.storyboard; sourceTree = "<group>"; };
		4CD1FC9521185FFC00370392 /* BullsEye.xcdatamodel */ = {isa = PBXFileReference; lastKnownFileType = wrapper.xcdatamodel; path = BullsEye.xcdatamodel; sourceTree = "<group>"; };
		4CD1FC9721185FFC00370392 /* Assets.xcassets */ = {isa = PBXFileReference; lastKnownFileType = folder.assetcatalog; path = Assets.xcassets; sourceTree = "<group>"; };
		4CD1FC9C21185FFC00370392 /* Info.plist */ = {isa = PBXFileReference; lastKnownFileType = text.plist.xml; path = Info.plist; sourceTree = "<group>"; };
/* End PBXFileReference section */

/* Begin PBXFrameworksBuildPhase section */
		4CD1FC8721185FFC00370392 /* Frameworks */ = {
			isa = PBXFrameworksBuildPhase;
			buildActionMask = 2147483647;
			files = (
			);
			runOnlyForDeploymentPostprocessing = 0;
		};
/* End PBXFrameworksBuildPhase section */

/* Begin PBXGroup section */
		4CD1FC8121185FFB00370392 = {
			isa = PBXGroup;
			children = (
				4CD1FC8C21185FFC00370392 /* BullsEye */,
				4CD1FC8B21185FFC00370392 /* Products */,
			);
			sourceTree = "<group>";
		};
		4CD1FC8B21185FFC00370392 /* Products */ = {
			isa = PBXGroup;
			children = (
				4CD1FC8A21185FFC00370392 /* BullsEye.app */,
			);
			name = Products;
			sourceTree = "<group>";
		};
		4CD1FC8C21185FFC00370392 /* BullsEye */ = {
			isa = PBXGroup;
			children = (
				4C8F6A18211B715B00828AF0 /* Default-568h@2x.png */,
				4CA5C28F2119DDD400796032 /* BullsEye.html */,
				4CD1FC8D21185FFC00370392 /* AppDelegate.swift */,
				4CD1FC8F21185FFC00370392 /* ViewController.swift */,
				4CD1FC9121185FFC00370392 /* Main.storyboard */,
				4CD1FC9721185FFC00370392 /* Assets.xcassets */,
				4CD1FC9C21185FFC00370392 /* Info.plist */,
				4CD1FC9421185FFC00370392 /* BullsEye.xcdatamodeld */,
				4C0E67BA2119AFA900D2AB24 /* AboutViewController.swift */,
			);
			path = BullsEye;
			sourceTree = "<group>";
		};
/* End PBXGroup section */

/* Begin PBXNativeTarget section */
		4CD1FC8921185FFC00370392 /* BullsEye */ = {
			isa = PBXNativeTarget;
			buildConfigurationList = 4CD1FC9F21185FFC00370392 /* Build configuration list for PBXNativeTarget "BullsEye" */;
			buildPhases = (
				4CD1FC8621185FFC00370392 /* Sources */,
				4CD1FC8721185FFC00370392 /* Frameworks */,
				4CD1FC8821185FFC00370392 /* Resources */,
			);
			buildRules = (
			);
			dependencies = (
			);
			name = BullsEye;
			productName = BullsEye;
			productReference = 4CD1FC8A21185FFC00370392 /* BullsEye.app */;
			productType = "com.apple.product-type.application";
		};
/* End PBXNativeTarget section */

/* Begin PBXProject section */
		4CD1FC8221185FFB00370392 /* Project object */ = {
			isa = PBXProject;
			attributes = {
				LastSwiftUpdateCheck = 0920;
				LastUpgradeCheck = 0920;
				ORGANIZATIONNAME = "Ardita Morina";
				TargetAttributes = {
					4CD1FC8921185FFC00370392 = {
						CreatedOnToolsVersion = 9.2;
						ProvisioningStyle = Automatic;
					};
				};
			};
			buildConfigurationList = 4CD1FC8521185FFB00370392 /* Build configuration list for PBXProject "BullsEye" */;
			compatibilityVersion = "Xcode 8.0";
			developmentRegion = en;
			hasScannedForEncodings = 0;
			knownRegions = (
				en,
				Base,
			);
			mainGroup = 4CD1FC8121185FFB00370392;
			productRefGroup = 4CD1FC8B21185FFC00370392 /* Products */;
			projectDirPath = "";
			projectRoot = "";
			targets = (
				4CD1FC8921185FFC00370392 /* BullsEye */,
			);
		};
/* End PBXProject section */

/* Begin PBXResourcesBuildPhase section */
		4CD1FC8821185FFC00370392 /* Resources */ = {
			isa = PBXResourcesBuildPhase;
			buildActionMask = 2147483647;
			files = (
				4CA5C2902119DDD400796032 /* BullsEye.html in Resources */,
				4C8F6A19211B715B00828AF0 /* Default-568h@2x.png in Resources */,
				4CD1FC9821185FFC00370392 /* Assets.xcassets in Resources */,
				4CD1FC9321185FFC00370392 /* Main.storyboard in Resources */,
			);
			runOnlyForDeploymentPostprocessing = 0;
		};
/* End PBXResourcesBuildPhase section */

/* Begin PBXSourcesBuildPhase section */
		4CD1FC8621185FFC00370392 /* Sources */ = {
			isa = PBXSourcesBuildPhase;
			buildActionMask = 2147483647;
			files = (
				4CD1FC9621185FFC00370392 /* BullsEye.xcdatamodeld in Sources */,
				4CD1FC9021185FFC00370392 /* ViewController.swift in Sources */,
				4C0E67BB2119AFA900D2AB24 /* AboutViewController.swift in Sources */,
				4CD1FC8E21185FFC00370392 /* AppDelegate.swift in Sources */,
			);
			runOnlyForDeploymentPostprocessing = 0;
		};
/* End PBXSourcesBuildPhase section */

/* Begin PBXVariantGroup section */
		4CD1FC9121185FFC00370392 /* Main.storyboard */ = {
			isa = PBXVariantGroup;
			children = (
				4CD1FC9221185FFC00370392 /* Base */,
			);
			name = Main.storyboard;
			sourceTree = "<group>";
		};
/* End PBXVariantGroup section */

/* Begin XCBuildConfiguration section */
		4CD1FC9D21185FFC00370392 /* Debug */ = {
			isa = XCBuildConfiguration;
			buildSettings = {
				ALWAYS_SEARCH_USER_PATHS = NO;
				CLANG_ANALYZER_NONNULL = YES;
				CLANG_ANALYZER_NUMBER_OBJECT_CONVERSION = YES_AGGRESSIVE;
				CLANG_CXX_LANGUAGE_STANDARD = "gnu++14";
				CLANG_CXX_LIBRARY = "libc++";
				CLANG_ENABLE_MODULES = YES;
				CLANG_ENABLE_OBJC_ARC = YES;
				CLANG_WARN_BLOCK_CAPTURE_AUTORELEASING = YES;
				CLANG_WARN_BOOL_CONVERSION = YES;
				CLANG_WARN_COMMA = YES;
				CLANG_WARN_CONSTANT_CONVERSION = YES;
				CLANG_WARN_DIRECT_OBJC_ISA_USAGE = YES_ERROR;
				CLANG_WARN_DOCUMENTATION_COMMENTS = YES;
				CLANG_WARN_EMPTY_BODY = YES;
				CLANG_WARN_ENUM_CONVERSION = YES;
				CLANG_WARN_INFINITE_RECURSION = YES;
				CLANG_WARN_INT_CONVERSION = YES;
				CLANG_WARN_NON_LITERAL_NULL_CONVERSION = YES;
				CLANG_WARN_OBJC_LITERAL_CONVERSION = YES;
				CLANG_WARN_OBJC_ROOT_CLASS = YES_ERROR;
				CLANG_WARN_RANGE_LOOP_ANALYSIS = YES;
				CLANG_WARN_STRICT_PROTOTYPES = YES;
				CLANG_WARN_SUSPICIOUS_MOVE = YES;
				CLANG_WARN_UNGUARDED_AVAILABILITY = YES_AGGRESSIVE;
				CLANG_WARN_UNREACHABLE_CODE = YES;
				CLANG_WARN__DUPLICATE_METHOD_MATCH = YES;
				CODE_SIGN_IDENTITY = "iPhone Developer";
				COPY_PHASE_STRIP = NO;
				DEBUG_INFORMATION_FORMAT = dwarf;
				ENABLE_STRICT_OBJC_MSGSEND = YES;
				ENABLE_TESTABILITY = YES;
				GCC_C_LANGUAGE_STANDARD = gnu11;
				GCC_DYNAMIC_NO_PIC = NO;
				GCC_NO_COMMON_BLOCKS = YES;
				GCC_OPTIMIZATION_LEVEL = 0;
				GCC_PREPROCESSOR_DEFINITIONS = (
					"DEBUG=1",
					"$(inherited)",
				);
				GCC_WARN_64_TO_32_BIT_CONVERSION = YES;
				GCC_WARN_ABOUT_RETURN_TYPE = YES_ERROR;
				GCC_WARN_UNDECLARED_SELECTOR = YES;
				GCC_WARN_UNINITIALIZED_AUTOS = YES_AGGRESSIVE;
				GCC_WARN_UNUSED_FUNCTION = YES;
				GCC_WARN_UNUSED_VARIABLE = YES;
				IPHONEOS_DEPLOYMENT_TARGET = 11.2;
				MTL_ENABLE_DEBUG_INFO = YES;
				ONLY_ACTIVE_ARCH = YES;
				SDKROOT = iphoneos;
				SWIFT_ACTIVE_COMPILATION_CONDITIONS = DEBUG;
				SWIFT_OPTIMIZATION_LEVEL = "-Onone";
			};
			name = Debug;
		};
		4CD1FC9E21185FFC00370392 /* Release */ = {
			isa = XCBuildConfiguration;
			buildSettings = {
				ALWAYS_SEARCH_USER_PATHS = NO;
				CLANG_ANALYZER_NONNULL = YES;
				CLANG_ANALYZER_NUMBER_OBJECT_CONVERSION = YES_AGGRESSIVE;
				CLANG_CXX_LANGUAGE_STANDARD = "gnu++14";
				CLANG_CXX_LIBRARY = "libc++";
				CLANG_ENABLE_MODULES = YES;
				CLANG_ENABLE_OBJC_ARC = YES;
				CLANG_WARN_BLOCK_CAPTURE_AUTORELEASING = YES;
				CLANG_WARN_BOOL_CONVERSION = YES;
				CLANG_WARN_COMMA = YES;
				CLANG_WARN_CONSTANT_CONVERSION = YES;
				CLANG_WARN_DIRECT_OBJC_ISA_USAGE = YES_ERROR;
				CLANG_WARN_DOCUMENTATION_COMMENTS = YES;
				CLANG_WARN_EMPTY_BODY = YES;
				CLANG_WARN_ENUM_CONVERSION = YES;
				CLANG_WARN_INFINITE_RECURSION = YES;
				CLANG_WARN_INT_CONVERSION = YES;
				CLANG_WARN_NON_LITERAL_NULL_CONVERSION = YES;
				CLANG_WARN_OBJC_LITERAL_CONVERSION = YES;
				CLANG_WARN_OBJC_ROOT_CLASS = YES_ERROR;
				CLANG_WARN_RANGE_LOOP_ANALYSIS = YES;
				CLANG_WARN_STRICT_PROTOTYPES = YES;
				CLANG_WARN_SUSPICIOUS_MOVE = YES;
				CLANG_WARN_UNGUARDED_AVAILABILITY = YES_AGGRESSIVE;
				CLANG_WARN_UNREACHABLE_CODE = YES;
				CLANG_WARN__DUPLICATE_METHOD_MATCH = YES;
				CODE_SIGN_IDENTITY = "iPhone Developer";
				COPY_PHASE_STRIP = NO;
				DEBUG_INFORMATION_FORMAT = "dwarf-with-dsym";
				ENABLE_NS_ASSERTIONS = NO;
				ENABLE_STRICT_OBJC_MSGSEND = YES;
				GCC_C_LANGUAGE_STANDARD = gnu11;
				GCC_NO_COMMON_BLOCKS = YES;
				GCC_WARN_64_TO_32_BIT_CONVERSION = YES;
				GCC_WARN_ABOUT_RETURN_TYPE = YES_ERROR;
				GCC_WARN_UNDECLARED_SELECTOR = YES;
				GCC_WARN_UNINITIALIZED_AUTOS = YES_AGGRESSIVE;
				GCC_WARN_UNUSED_FUNCTION = YES;
				GCC_WARN_UNUSED_VARIABLE = YES;
				IPHONEOS_DEPLOYMENT_TARGET = 11.2;
				MTL_ENABLE_DEBUG_INFO = NO;
				SDKROOT = iphoneos;
				SWIFT_OPTIMIZATION_LEVEL = "-Owholemodule";
				VALIDATE_PRODUCT = YES;
			};
			name = Release;
		};
		4CD1FCA021185FFC00370392 /* Debug */ = {
			isa = XCBuildConfiguration;
			buildSettings = {
				ASSETCATALOG_COMPILER_APPICON_NAME = AppIcon;
				CODE_SIGN_STYLE = Automatic;
				INFOPLIST_FILE = BullsEye/Info.plist;
				LD_RUNPATH_SEARCH_PATHS = "$(inherited) @executable_path/Frameworks";
				PRODUCT_BUNDLE_IDENTIFIER = ardita.BullsEye;
				PRODUCT_NAME = "$(TARGET_NAME)";
				SWIFT_VERSION = 4.0;
				TARGETED_DEVICE_FAMILY = "1,2";
			};
			name = Debug;
		};
		4CD1FCA121185FFC00370392 /* Release */ = {
			isa = XCBuildConfiguration;
			buildSettings = {
				ASSETCATALOG_COMPILER_APPICON_NAME = AppIcon;
				CODE_SIGN_STYLE = Automatic;
				INFOPLIST_FILE = BullsEye/Info.plist;
				LD_RUNPATH_SEARCH_PATHS = "$(inherited) @executable_path/Frameworks";
				PRODUCT_BUNDLE_IDENTIFIER = ardita.BullsEye;
				PRODUCT_NAME = "$(TARGET_NAME)";
				SWIFT_VERSION = 4.0;
				TARGETED_DEVICE_FAMILY = "1,2";
			};
			name = Release;
		};
/* End XCBuildConfiguration section */

/* Begin XCConfigurationList section */
		4CD1FC8521185FFB00370392 /* Build configuration list for PBXProject "BullsEye" */ = {
			isa = XCConfigurationList;
			buildConfigurations = (
				4CD1FC9D21185FFC00370392 /* Debug */,
				4CD1FC9E21185FFC00370392 /* Release */,
			);
			defaultConfigurationIsVisible = 0;
			defaultConfigurationName = Release;
		};
		4CD1FC9F21185FFC00370392 /* Build configuration list for PBXNativeTarget "BullsEye" */ = {
			isa = XCConfigurationList;
			buildConfigurations = (
				4CD1FCA021185FFC00370392 /* Debug */,
				4CD1FCA121185FFC00370392 /* Release */,
			);
			defaultConfigurationIsVisible = 0;
			defaultConfigurationName = Release;
		};
/* End XCConfigurationList section */

/* Begin XCVersionGroup section */
		4CD1FC9421185FFC00370392 /* BullsEye.xcdatamodeld */ = {
			isa = XCVersionGroup;
			children = (
				4CD1FC9521185FFC00370392 /* BullsEye.xcdatamodel */,
			);
			currentVersion = 4CD1FC9521185FFC00370392 /* BullsEye.xcdatamodel */;
			path = BullsEye.xcdatamodeld;
			sourceTree = "<group>";
			versionGroupType = wrapper.xcdatamodel;
		};
/* End XCVersionGroup section */
	};
	rootObject = 4CD1FC8221185FFB00370392 /* Project object */;
}
